
Microsoft Visual Studio Solution File, Format Version 12.00
# Visual Studio Version 16
VisualStudioVersion = 16.0.29319.158
MinimumVisualStudioVersion = 10.0.40219.1
Project("{FAE04EC0-301F-11D3-BF4B-00C04F79EFBC}") = "mysoft", "mysoft\mysoft.csproj", "{081DD704-21C2-47D8-B339-ACCBFEC83A79}"
EndProject
Global
	GlobalSection(SolutionConfigurationPlatforms) = preSolution
		Debug|Any CPU = Debug|Any CPU
		Release|Any CPU = Release|Any CPU
	EndGlobalSection
	GlobalSection(ProjectConfigurationPlatforms) = postSolution
		{081DD704-21C2-47D8-B339-ACCBFEC83A79}.Debug|Any CPU.ActiveCfg = Debug|Any CPU
		{081DD704-21C2-47D8-B339-ACCBFEC83A79}.Debug|Any CPU.Build.0 = Debug|Any CPU
		{081DD704-21C2-47D8-B339-ACCBFEC83A79}.Release|Any CPU.ActiveCfg = Release|Any CPU
		{081DD704-21C2-47D8-B339-ACCBFEC83A79}.Release|Any CPU.Build.0 = Release|Any CPU
	EndGlobalSection
	GlobalSection(SolutionProperties) = preSolution
		HideSolutionNode = FALSE
	EndGlobalSection
	GlobalSection(ExtensibilityGlobals) = postSolution
		SolutionGuid = {2ECF9C84-7D56-4DBA-A18E-7CB578EB5577}
	EndGlobalSection
EndGlobal
